// !$*UTF8*$!
{
	archiveVersion = 1;
	classes = {
	};
	objectVersion = 51;
	objects = {

/* Begin PBXBuildFile section */
		2A41C37B23B9175400A99764 /* AppDelegate.swift in Sources */ = {isa = PBXBuildFile; fileRef = 2A41C37A23B9175400A99764 /* AppDelegate.swift */; };
		2A41C37D23B9175400A99764 /* DataListViewController.swift in Sources */ = {isa = PBXBuildFile; fileRef = 2A41C37C23B9175400A99764 /* DataListViewController.swift */; };
		2A41C38023B9175400A99764 /* Main.storyboard in Resources */ = {isa = PBXBuildFile; fileRef = 2A41C37E23B9175400A99764 /* Main.storyboard */; };
		2A41C38223B9175600A99764 /* Assets.xcassets in Resources */ = {isa = PBXBuildFile; fileRef = 2A41C38123B9175600A99764 /* Assets.xcassets */; };
		2A41C38523B9175600A99764 /* LaunchScreen.storyboard in Resources */ = {isa = PBXBuildFile; fileRef = 2A41C38323B9175600A99764 /* LaunchScreen.storyboard */; };
		9E934F15BF0FC6DC6D4E53CC /* Pods_apitTast.framework in Frameworks */ = {isa = PBXBuildFile; fileRef = 2EC7970B37B4701486E00EFA /* Pods_apitTast.framework */; };
/* End PBXBuildFile section */

/* Begin PBXFileReference section */
		2A41C37723B9175400A99764 /* apitTast.app */ = {isa = PBXFileReference; explicitFileType = wrapper.application; includeInIndex = 0; path = apitTast.app; sourceTree = BUILT_PRODUCTS_DIR; };
		2A41C37A23B9175400A99764 /* AppDelegate.swift */ = {isa = PBXFileReference; lastKnownFileType = sourcecode.swift; path = AppDelegate.swift; sourceTree = "<group>"; };
		2A41C37C23B9175400A99764 /* DataListViewController.swift */ = {isa = PBXFileReference; lastKnownFileType = sourcecode.swift; path = DataListViewController.swift; sourceTree = "<group>"; };
		2A41C37F23B9175400A99764 /* Base */ = {isa = PBXFileReference; lastKnownFileType = file.storyboard; name = Base; path = Base.lproj/Main.storyboard; sourceTree = "<group>"; };
		2A41C38123B9175600A99764 /* Assets.xcassets */ = {isa = PBXFileReference; lastKnownFileType = folder.assetcatalog; path = Assets.xcassets; sourceTree = "<group>"; };
		2A41C38423B9175600A99764 /* Base */ = {isa = PBXFileReference; lastKnownFileType = file.storyboard; name = Base; path = Base.lproj/LaunchScreen.storyboard; sourceTree = "<group>"; };
		2A41C38623B9175600A99764 /* Info.plist */ = {isa = PBXFileReference; lastKnownFileType = text.plist.xml; path = Info.plist; sourceTree = "<group>"; };
		2EC7970B37B4701486E00EFA /* Pods_apitTast.framework */ = {isa = PBXFileReference; explicitFileType = wrapper.framework; includeInIndex = 0; path = Pods_apitTast.framework; sourceTree = BUILT_PRODUCTS_DIR; };
		47604F38BC2811178BCB13C0 /* Pods-apitTast.release.xcconfig */ = {isa = PBXFileReference; includeInIndex = 1; lastKnownFileType = text.xcconfig; name = "Pods-apitTast.release.xcconfig"; path = "Target Support Files/Pods-apitTast/Pods-apitTast.release.xcconfig"; sourceTree = "<group>"; };
		DA710A06BF23D8EB1C88ADA1 /* Pods-apitTast.debug.xcconfig */ = {isa = PBXFileReference; includeInIndex = 1; lastKnownFileType = text.xcconfig; name = "Pods-apitTast.debug.xcconfig"; path = "Target Support Files/Pods-apitTast/Pods-apitTast.debug.xcconfig"; sourceTree = "<group>"; };
/* End PBXFileReference section */

/* Begin PBXFrameworksBuildPhase section */
		2A41C37423B9175400A99764 /* Frameworks */ = {
			isa = PBXFrameworksBuildPhase;
			buildActionMask = 2147483647;
			files = (
				9E934F15BF0FC6DC6D4E53CC /* Pods_apitTast.framework in Frameworks */,
			);
			runOnlyForDeploymentPostprocessing = 0;
		};
/* End PBXFrameworksBuildPhase section */

/* Begin PBXGroup section */
		2A41C36E23B9175400A99764 = {
			isa = PBXGroup;
			children = (
				2A41C37923B9175400A99764 /* apitTast */,
				2A41C37823B9175400A99764 /* Products */,
				BAC3FE1E9F115ED54555AC83 /* Pods */,
				8E39FB8589854B2398597068 /* Frameworks */,
			);
			sourceTree = "<group>";
		};
		2A41C37823B9175400A99764 /* Products */ = {
			isa = PBXGroup;
			children = (
				2A41C37723B9175400A99764 /* apitTast.app */,
			);
			name = Products;
			sourceTree = "<group>";
		};
		2A41C37923B9175400A99764 /* apitTast */ = {
			isa = PBXGroup;
			children = (
				2A41C37A23B9175400A99764 /* AppDelegate.swift */,
				2A41C37C23B9175400A99764 /* DataListViewController.swift */,
				2A41C37E23B9175400A99764 /* Main.storyboard */,
				2A41C38123B9175600A99764 /* Assets.xcassets */,
				2A41C38323B9175600A99764 /* LaunchScreen.storyboard */,
				2A41C38623B9175600A99764 /* Info.plist */,
			);
			path = apitTast;
			sourceTree = "<group>";
		};
		8E39FB8589854B2398597068 /* Frameworks */ = {
			isa = PBXGroup;
			children = (
				2EC7970B37B4701486E00EFA /* Pods_apitTast.framework */,
			);
			name = Frameworks;
			sourceTree = "<group>";
		};
		BAC3FE1E9F115ED54555AC83 /* Pods */ = {
			isa = PBXGroup;
			children = (
				DA710A06BF23D8EB1C88ADA1 /* Pods-apitTast.debug.xcconfig */,
				47604F38BC2811178BCB13C0 /* Pods-apitTast.release.xcconfig */,
			);
			path = Pods;
			sourceTree = "<group>";
		};
/* End PBXGroup section */

/* Begin PBXNativeTarget section */
		2A41C37623B9175400A99764 /* apitTast */ = {
			isa = PBXNativeTarget;
			buildConfigurationList = 2A41C38923B9175600A99764 /* Build configuration list for PBXNativeTarget "apitTast" */;
			buildPhases = (
				3B84DF1C60325F789E8E085C /* [CP] Check Pods Manifest.lock */,
				2A41C37323B9175400A99764 /* Sources */,
				2A41C37423B9175400A99764 /* Frameworks */,
				2A41C37523B9175400A99764 /* Resources */,
				460D08F7050251E03E07A885 /* [CP] Embed Pods Frameworks */,
			);
			buildRules = (
			);
			dependencies = (
			);
			name = apitTast;
			productName = apitTast;
			productReference = 2A41C37723B9175400A99764 /* apitTast.app */;
			productType = "com.apple.product-type.application";
		};
/* End PBXNativeTarget section */

/* Begin PBXProject section */
		2A41C36F23B9175400A99764 /* Project object */ = {
			isa = PBXProject;
			attributes = {
				LastSwiftUpdateCheck = 1030;
				LastUpgradeCheck = 1030;
				ORGANIZATIONNAME = "Seif Yousry";
				TargetAttributes = {
					2A41C37623B9175400A99764 = {
						CreatedOnToolsVersion = 10.3;
					};
				};
			};
			buildConfigurationList = 2A41C37223B9175400A99764 /* Build configuration list for PBXProject "apitTast" */;
			compatibilityVersion = "Xcode 9.3";
			developmentRegion = en;
			hasScannedForEncodings = 0;
			knownRegions = (
				en,
				Base,
			);
			mainGroup = 2A41C36E23B9175400A99764;
			productRefGroup = 2A41C37823B9175400A99764 /* Products */;
			projectDirPath = "";
			projectRoot = "";
			targets = (
				2A41C37623B9175400A99764 /* apitTast */,
			);
		};
/* End PBXProject section */

/* Begin PBXResourcesBuildPhase section */
		2A41C37523B9175400A99764 /* Resources */ = {
			isa = PBXResourcesBuildPhase;
			buildActionMask = 2147483647;
			files = (
				2A41C38523B9175600A99764 /* LaunchScreen.storyboard in Resources */,
				2A41C38223B9175600A99764 /* Assets.xcassets in Resources */,
				2A41C38023B9175400A99764 /* Main.storyboard in Resources */,
			);
			runOnlyForDeploymentPostprocessing = 0;
		};
/* End PBXResourcesBuildPhase section */

/* Begin PBXShellScriptBuildPhase section */
		3B84DF1C60325F789E8E085C /* [CP] Check Pods Manifest.lock */ = {
			isa = PBXShellScriptBuildPhase;
			buildActionMask = 2147483647;
			files = (
			);
			inputFileListPaths = (
			);
			inputPaths = (
				"${PODS_PODFILE_DIR_PATH}/Podfile.lock",
				"${PODS_ROOT}/Manifest.lock",
			);
			name = "[CP] Check Pods Manifest.lock";
			outputFileListPaths = (
			);
			outputPaths = (
				"$(DERIVED_FILE_DIR)/Pods-apitTast-checkManifestLockResult.txt",
			);
			runOnlyForDeploymentPostprocessing = 0;
			shellPath = /bin/sh;
			shellScript = "diff \"${PODS_PODFILE_DIR_PATH}/Podfile.lock\" \"${PODS_ROOT}/Manifest.lock\" > /dev/null\nif [ $? != 0 ] ; then\n    # print error to STDERR\n    echo \"error: The sandbox is not in sync with the Podfile.lock. Run 'pod install' or update your CocoaPods installation.\" >&2\n    exit 1\nfi\n# This output is used by Xcode 'outputs' to avoid re-running this script phase.\necho \"SUCCESS\" > \"${SCRIPT_OUTPUT_FILE_0}\"\n";
			showEnvVarsInLog = 0;
		};
		460D08F7050251E03E07A885 /* [CP] Embed Pods Frameworks */ = {
			isa = PBXShellScriptBuildPhase;
			buildActionMask = 2147483647;
			files = (
			);
			inputFileListPaths = (
				"${PODS_ROOT}/Target Support Files/Pods-apitTast/Pods-apitTast-frameworks-${CONFIGURATION}-input-files.xcfilelist",
			);
			name = "[CP] Embed Pods Frameworks";
			outputFileListPaths = (
				"${PODS_ROOT}/Target Support Files/Pods-apitTast/Pods-apitTast-frameworks-${CONFIGURATION}-output-files.xcfilelist",
			);
			runOnlyForDeploymentPostprocessing = 0;
			shellPath = /bin/sh;
			shellScript = "\"${PODS_ROOT}/Target Support Files/Pods-apitTast/Pods-apitTast-frameworks.sh\"\n";
			showEnvVarsInLog = 0;
		};
/* End PBXShellScriptBuildPhase section */

/* Begin PBXSourcesBuildPhase section */
		2A41C37323B9175400A99764 /* Sources */ = {
			isa = PBXSourcesBuildPhase;
			buildActionMask = 2147483647;
			files = (
				2A41C37D23B9175400A99764 /* DataListViewController.swift in Sources */,
				2A41C37B23B9175400A99764 /* AppDelegate.swift in Sources */,
			);
			runOnlyForDeploymentPostprocessing = 0;
		};
/* End PBXSourcesBuildPhase section */

/* Begin PBXVariantGroup section */
		2A41C37E23B9175400A99764 /* Main.storyboard */ = {
			isa = PBXVariantGroup;
			children = (
				2A41C37F23B9175400A99764 /* Base */,
			);
			name = Main.storyboard;
			sourceTree = "<group>";
		};
		2A41C38323B9175600A99764 /* LaunchScreen.storyboard */ = {
			isa = PBXVariantGroup;
			children = (
				2A41C38423B9175600A99764 /* Base */,
			);
			name = LaunchScreen.storyboard;
			sourceTree = "<group>";
		};
/* End PBXVariantGroup section */

/* Begin XCBuildConfiguration section */
		2A41C38723B9175600A99764 /* Debug */ = {
			isa = XCBuildConfiguration;
			buildSettings = {
				ALWAYS_SEARCH_USER_PATHS = NO;
				CLANG_ANALYZER_NONNULL = YES;
				CLANG_ANALYZER_NUMBER_OBJECT_CONVERSION = YES_AGGRESSIVE;
				CLANG_CXX_LANGUAGE_STANDARD = "gnu++14";
				CLANG_CXX_LIBRARY = "libc++";
				CLANG_ENABLE_MODULES = YES;
				CLANG_ENABLE_OBJC_ARC = YES;
				CLANG_ENABLE_OBJC_WEAK = YES;
				CLANG_WARN_BLOCK_CAPTURE_AUTORELEASING = YES;
				CLANG_WARN_BOOL_CONVERSION = YES;
				CLANG_WARN_COMMA = YES;
				CLANG_WARN_CONSTANT_CONVERSION = YES;
				CLANG_WARN_DEPRECATED_OBJC_IMPLEMENTATIONS = YES;
				CLANG_WARN_DIRECT_OBJC_ISA_USAGE = YES_ERROR;
				CLANG_WARN_DOCUMENTATION_COMMENTS = YES;
				CLANG_WARN_EMPTY_BODY = YES;
				CLANG_WARN_ENUM_CONVERSION = YES;
				CLANG_WARN_INFINITE_RECURSION = YES;
				CLANG_WARN_INT_CONVERSION = YES;
				CLANG_WARN_NON_LITERAL_NULL_CONVERSION = YES;
				CLANG_WARN_OBJC_IMPLICIT_RETAIN_SELF = YES;
				CLANG_WARN_OBJC_LITERAL_CONVERSION = YES;
				CLANG_WARN_OBJC_ROOT_CLASS = YES_ERROR;
				CLANG_WARN_RANGE_LOOP_ANALYSIS = YES;
				CLANG_WARN_STRICT_PROTOTYPES = YES;
				CLANG_WARN_SUSPICIOUS_MOVE = YES;
				CLANG_WARN_UNGUARDED_AVAILABILITY = YES_AGGRESSIVE;
				CLANG_WARN_UNREACHABLE_CODE = YES;
				CLANG_WARN__DUPLICATE_METHOD_MATCH = YES;
				CODE_SIGN_IDENTITY = "iPhone Developer";
				COPY_PHASE_STRIP = NO;
				DEBUG_INFORMATION_FORMAT = dwarf;
				ENABLE_STRICT_OBJC_MSGSEND = YES;
				ENABLE_TESTABILITY = YES;
				GCC_C_LANGUAGE_STANDARD = gnu11;
				GCC_DYNAMIC_NO_PIC = NO;
				GCC_NO_COMMON_BLOCKS = YES;
				GCC_OPTIMIZATION_LEVEL = 0;
				GCC_PREPROCESSOR_DEFINITIONS = (
					"DEBUG=1",
					"$(inherited)",
				);
				GCC_WARN_64_TO_32_BIT_CONVERSION = YES;
				GCC_WARN_ABOUT_RETURN_TYPE = YES_ERROR;
				GCC_WARN_UNDECLARED_SELECTOR = YES;
				GCC_WARN_UNINITIALIZED_AUTOS = YES_AGGRESSIVE;
				GCC_WARN_UNUSED_FUNCTION = YES;
				GCC_WARN_UNUSED_VARIABLE = YES;
				IPHONEOS_DEPLOYMENT_TARGET = 12.4;
				MTL_ENABLE_DEBUG_INFO = INCLUDE_SOURCE;
				MTL_FAST_MATH = YES;
				ONLY_ACTIVE_ARCH = YES;
				SDKROOT = iphoneos;
				SWIFT_ACTIVE_COMPILATION_CONDITIONS = DEBUG;
				SWIFT_OPTIMIZATION_LEVEL = "-Onone";
			};
			name = Debug;
		};
		2A41C38823B9175600A99764 /* Release */ = {
			isa = XCBuildConfiguration;
			buildSettings = {
				ALWAYS_SEARCH_USER_PATHS = NO;
				CLANG_ANALYZER_NONNULL = YES;
				CLANG_ANALYZER_NUMBER_OBJECT_CONVERSION = YES_AGGRESSIVE;
				CLANG_CXX_LANGUAGE_STANDARD = "gnu++14";
				CLANG_CXX_LIBRARY = "libc++";
				CLANG_ENABLE_MODULES = YES;
				CLANG_ENABLE_OBJC_ARC = YES;
				CLANG_ENABLE_OBJC_WEAK = YES;
				CLANG_WARN_BLOCK_CAPTURE_AUTORELEASING = YES;
				CLANG_WARN_BOOL_CONVERSION = YES;
				CLANG_WARN_COMMA = YES;
				CLANG_WARN_CONSTANT_CONVERSION = YES;
				CLANG_WARN_DEPRECATED_OBJC_IMPLEMENTATIONS = YES;
				CLANG_WARN_DIRECT_OBJC_ISA_USAGE = YES_ERROR;
				CLANG_WARN_DOCUMENTATION_COMMENTS = YES;
				CLANG_WARN_EMPTY_BODY = YES;
				CLANG_WARN_ENUM_CONVERSION = YES;
				CLANG_WARN_INFINITE_RECURSION = YES;
				CLANG_WARN_INT_CONVERSION = YES;
				CLANG_WARN_NON_LITERAL_NULL_CONVERSION = YES;
				CLANG_WARN_OBJC_IMPLICIT_RETAIN_SELF = YES;
				CLANG_WARN_OBJC_LITERAL_CONVERSION = YES;
				CLANG_WARN_OBJC_ROOT_CLASS = YES_ERROR;
				CLANG_WARN_RANGE_LOOP_ANALYSIS = YES;
				CLANG_WARN_STRICT_PROTOTYPES = YES;
				CLANG_WARN_SUSPICIOUS_MOVE = YES;
				CLANG_WARN_UNGUARDED_AVAILABILITY = YES_AGGRESSIVE;
				CLANG_WARN_UNREACHABLE_CODE = YES;
				CLANG_WARN__DUPLICATE_METHOD_MATCH = YES;
				CODE_SIGN_IDENTITY = "iPhone Developer";
				COPY_PHASE_STRIP = NO;
				DEBUG_INFORMATION_FORMAT = "dwarf-with-dsym";
				ENABLE_NS_ASSERTIONS = NO;
				ENABLE_STRICT_OBJC_MSGSEND = YES;
				GCC_C_LANGUAGE_STANDARD = gnu11;
				GCC_NO_COMMON_BLOCKS = YES;
				GCC_WARN_64_TO_32_BIT_CONVERSION = YES;
				GCC_WARN_ABOUT_RETURN_TYPE = YES_ERROR;
				GCC_WARN_UNDECLARED_SELECTOR = YES;
				GCC_WARN_UNINITIALIZED_AUTOS = YES_AGGRESSIVE;
				GCC_WARN_UNUSED_FUNCTION = YES;
				GCC_WARN_UNUSED_VARIABLE = YES;
				IPHONEOS_DEPLOYMENT_TARGET = 12.4;
				MTL_ENABLE_DEBUG_INFO = NO;
				MTL_FAST_MATH = YES;
				SDKROOT = iphoneos;
				SWIFT_COMPILATION_MODE = wholemodule;
				SWIFT_OPTIMIZATION_LEVEL = "-O";
				VALIDATE_PRODUCT = YES;
			};
			name = Release;
		};
		2A41C38A23B9175600A99764 /* Debug */ = {
			isa = XCBuildConfiguration;
			baseConfigurationReference = DA710A06BF23D8EB1C88ADA1 /* Pods-apitTast.debug.xcconfig */;
			buildSettings = {
				ASSETCATALOG_COMPILER_APPICON_NAME = AppIcon;
				CODE_SIGN_STYLE = Automatic;
				DEVELOPMENT_TEAM = 99C269W3DC;
				INFOPLIST_FILE = apitTast/Info.plist;
				LD_RUNPATH_SEARCH_PATHS = (
					"$(inherited)",
					"@executable_path/Frameworks",
				);
				PRODUCT_BUNDLE_IDENTIFIER = com.seif.apitTast;
				PRODUCT_NAME = "$(TARGET_NAME)";
				SWIFT_VERSION = 5.0;
				TARGETED_DEVICE_FAMILY = "1,2";
			};
			name = Debug;
		};
		2A41C38B23B9175600A99764 /* Release */ = {
			isa = XCBuildConfiguration;
			baseConfigurationReference = 47604F38BC2811178BCB13C0 /* Pods-apitTast.release.xcconfig */;
			buildSettings = {
				ASSETCATALOG_COMPILER_APPICON_NAME = AppIcon;
				CODE_SIGN_STYLE = Automatic;
				DEVELOPMENT_TEAM = 99C269W3DC;
				INFOPLIST_FILE = apitTast/Info.plist;
				LD_RUNPATH_SEARCH_PATHS = (
					"$(inherited)",
					"@executable_path/Frameworks",
				);
				PRODUCT_BUNDLE_IDENTIFIER = com.seif.apitTast;
				PRODUCT_NAME = "$(TARGET_NAME)";
				SWIFT_VERSION = 5.0;
				TARGETED_DEVICE_FAMILY = "1,2";
			};
			name = Release;
		};
/* End XCBuildConfiguration section */

/* Begin XCConfigurationList section */
		2A41C37223B9175400A99764 /* Build configuration list for PBXProject "apitTast" */ = {
			isa = XCConfigurationList;
			buildConfigurations = (
				2A41C38723B9175600A99764 /* Debug */,
				2A41C38823B9175600A99764 /* Release */,
			);
			defaultConfigurationIsVisible = 0;
			defaultConfigurationName = Release;
		};
		2A41C38923B9175600A99764 /* Build configuration list for PBXNativeTarget "apitTast" */ = {
			isa = XCConfigurationList;
			buildConfigurations = (
				2A41C38A23B9175600A99764 /* Debug */,
				2A41C38B23B9175600A99764 /* Release */,
			);
			defaultConfigurationIsVisible = 0;
			defaultConfigurationName = Release;
		};
/* End XCConfigurationList section */
	};
	rootObject = 2A41C36F23B9175400A99764 /* Project object */;
}
